// !$*UTF8*$!
{
	archiveVersion = 1;
	classes = {
	};
	objectVersion = 56;
	objects = {

/* Begin PBXBuildFile section */
		1AAE107829CD8807004E84C1 /* MistSDKDRSampleAppApp.swift in Sources */ = {isa = PBXBuildFile; fileRef = 1AAE107729CD8807004E84C1 /* MistSDKDRSampleAppApp.swift */; };
		1AAE107A29CD8807004E84C1 /* MisBeaconInformationView.swift in Sources */ = {isa = PBXBuildFile; fileRef = 1AAE107929CD8807004E84C1 /* MisBeaconInformationView.swift */; };
		1AAE107C29CD8808004E84C1 /* Assets.xcassets in Resources */ = {isa = PBXBuildFile; fileRef = 1AAE107B29CD8808004E84C1 /* Assets.xcassets */; };
		1AAE107F29CD8808004E84C1 /* Preview Assets.xcassets in Resources */ = {isa = PBXBuildFile; fileRef = 1AAE107E29CD8808004E84C1 /* Preview Assets.xcassets */; };
		1AAE109229CDC0F7004E84C1 /* MistLocationManager.swift in Sources */ = {isa = PBXBuildFile; fileRef = 1AAE109129CDC0F7004E84C1 /* MistLocationManager.swift */; };
		1ABF281529D6F7C700BFF114 /* Kingfisher in Frameworks */ = {isa = PBXBuildFile; productRef = 1ABF281429D6F7C700BFF114 /* Kingfisher */; };
		1ABF281729D705F700BFF114 /* BeaconRelativePosition.swift in Sources */ = {isa = PBXBuildFile; fileRef = 1ABF281629D705F700BFF114 /* BeaconRelativePosition.swift */; };
		1ABF281929D7068500BFF114 /* Utility.swift in Sources */ = {isa = PBXBuildFile; fileRef = 1ABF281829D7068500BFF114 /* Utility.swift */; };
		1ACE6F5629D1538600BC7369 /* MistConstants.swift in Sources */ = {isa = PBXBuildFile; fileRef = 1ACE6F5529D1538500BC7369 /* MistConstants.swift */; };
		26C3CDD7CB656BFC054D8F8E /* Pods_MistSDKDRSampleApp.framework in Frameworks */ = {isa = PBXBuildFile; fileRef = BDDF964ECAB67A0B79908BF4 /* Pods_MistSDKDRSampleApp.framework */; };
/* End PBXBuildFile section */

/* Begin PBXFileReference section */
		1AAE107429CD8807004E84C1 /* MistSDKDRSampleApp.app */ = {isa = PBXFileReference; explicitFileType = wrapper.application; includeInIndex = 0; path = MistSDKDRSampleApp.app; sourceTree = BUILT_PRODUCTS_DIR; };
		1AAE107729CD8807004E84C1 /* MistSDKDRSampleAppApp.swift */ = {isa = PBXFileReference; lastKnownFileType = sourcecode.swift; path = MistSDKDRSampleAppApp.swift; sourceTree = "<group>"; };
		1AAE107929CD8807004E84C1 /* MisBeaconInformationView.swift */ = {isa = PBXFileReference; lastKnownFileType = sourcecode.swift; path = MisBeaconInformationView.swift; sourceTree = "<group>"; };
		1AAE107B29CD8808004E84C1 /* Assets.xcassets */ = {isa = PBXFileReference; lastKnownFileType = folder.assetcatalog; path = Assets.xcassets; sourceTree = "<group>"; };
		1AAE107E29CD8808004E84C1 /* Preview Assets.xcassets */ = {isa = PBXFileReference; lastKnownFileType = folder.assetcatalog; path = "Preview Assets.xcassets"; sourceTree = "<group>"; };
		1AAE109129CDC0F7004E84C1 /* MistLocationManager.swift */ = {isa = PBXFileReference; lastKnownFileType = sourcecode.swift; path = MistLocationManager.swift; sourceTree = "<group>"; };
		1ABF281629D705F700BFF114 /* BeaconRelativePosition.swift */ = {isa = PBXFileReference; lastKnownFileType = sourcecode.swift; path = BeaconRelativePosition.swift; sourceTree = "<group>"; };
		1ABF281829D7068500BFF114 /* Utility.swift */ = {isa = PBXFileReference; lastKnownFileType = sourcecode.swift; path = Utility.swift; sourceTree = "<group>"; };
		1ACE6F5529D1538500BC7369 /* MistConstants.swift */ = {isa = PBXFileReference; lastKnownFileType = sourcecode.swift; path = MistConstants.swift; sourceTree = "<group>"; };
		B893BEB759CD9946D492FC7A /* Pods-MistSDKDRSampleApp.release.xcconfig */ = {isa = PBXFileReference; includeInIndex = 1; lastKnownFileType = text.xcconfig; name = "Pods-MistSDKDRSampleApp.release.xcconfig"; path = "Target Support Files/Pods-MistSDKDRSampleApp/Pods-MistSDKDRSampleApp.release.xcconfig"; sourceTree = "<group>"; };
		BDDF964ECAB67A0B79908BF4 /* Pods_MistSDKDRSampleApp.framework */ = {isa = PBXFileReference; explicitFileType = wrapper.framework; includeInIndex = 0; path = Pods_MistSDKDRSampleApp.framework; sourceTree = BUILT_PRODUCTS_DIR; };
		F1E8D13BDD60C14E6730BA3D /* Pods-MistSDKDRSampleApp.debug.xcconfig */ = {isa = PBXFileReference; includeInIndex = 1; lastKnownFileType = text.xcconfig; name = "Pods-MistSDKDRSampleApp.debug.xcconfig"; path = "Target Support Files/Pods-MistSDKDRSampleApp/Pods-MistSDKDRSampleApp.debug.xcconfig"; sourceTree = "<group>"; };
/* End PBXFileReference section */

/* Begin PBXFrameworksBuildPhase section */
		1AAE107129CD8807004E84C1 /* Frameworks */ = {
			isa = PBXFrameworksBuildPhase;
			buildActionMask = 2147483647;
			files = (
				1ABF281529D6F7C700BFF114 /* Kingfisher in Frameworks */,
				26C3CDD7CB656BFC054D8F8E /* Pods_MistSDKDRSampleApp.framework in Frameworks */,
			);
			runOnlyForDeploymentPostprocessing = 0;
		};
/* End PBXFrameworksBuildPhase section */

/* Begin PBXGroup section */
		0D736AB1E27EECFD11A6CD6C /* Frameworks */ = {
			isa = PBXGroup;
			children = (
				BDDF964ECAB67A0B79908BF4 /* Pods_MistSDKDRSampleApp.framework */,
			);
			name = Frameworks;
			sourceTree = "<group>";
		};
		1AAE106B29CD8807004E84C1 = {
			isa = PBXGroup;
			children = (
				1AAE107629CD8807004E84C1 /* MistSDKDRSampleApp */,
				1AAE107529CD8807004E84C1 /* Products */,
				950D6FD83AE29F167F9BC881 /* Pods */,
				0D736AB1E27EECFD11A6CD6C /* Frameworks */,
			);
			sourceTree = "<group>";
		};
		1AAE107529CD8807004E84C1 /* Products */ = {
			isa = PBXGroup;
			children = (
				1AAE107429CD8807004E84C1 /* MistSDKDRSampleApp.app */,
			);
			name = Products;
			sourceTree = "<group>";
		};
		1AAE107629CD8807004E84C1 /* MistSDKDRSampleApp */ = {
			isa = PBXGroup;
			children = (
				1AAE108629CD8875004E84C1 /* MistSDKDR-poc */,
				1AAE108529CD883E004E84C1 /* Core */,
				1AAE107D29CD8808004E84C1 /* Preview Content */,
			);
			path = MistSDKDRSampleApp;
			sourceTree = "<group>";
		};
		1AAE107D29CD8808004E84C1 /* Preview Content */ = {
			isa = PBXGroup;
			children = (
				1AAE107E29CD8808004E84C1 /* Preview Assets.xcassets */,
			);
			path = "Preview Content";
			sourceTree = "<group>";
		};
		1AAE108529CD883E004E84C1 /* Core */ = {
			isa = PBXGroup;
			children = (
				1AAE107729CD8807004E84C1 /* MistSDKDRSampleAppApp.swift */,
				1AAE107B29CD8808004E84C1 /* Assets.xcassets */,
				1ACE6F5529D1538500BC7369 /* MistConstants.swift */,
			);
			path = Core;
			sourceTree = "<group>";
		};
		1AAE108629CD8875004E84C1 /* MistSDKDR-poc */ = {
			isa = PBXGroup;
			children = (
				1ABF280D29D6D85E00BFF114 /* Helpers */,
				1AAE108929CD88A3004E84C1 /* ViewModel */,
				1AAE108829CD889B004E84C1 /* View */,
				1AAE108729CD8894004E84C1 /* Model */,
			);
			path = "MistSDKDR-poc";
			sourceTree = "<group>";
		};
		1AAE108729CD8894004E84C1 /* Model */ = {
			isa = PBXGroup;
			children = (
				1ABF281629D705F700BFF114 /* BeaconRelativePosition.swift */,
			);
			path = Model;
			sourceTree = "<group>";
		};
		1AAE108829CD889B004E84C1 /* View */ = {
			isa = PBXGroup;
			children = (
				1AAE107929CD8807004E84C1 /* MisBeaconInformationView.swift */,
			);
			path = View;
			sourceTree = "<group>";
		};
		1AAE108929CD88A3004E84C1 /* ViewModel */ = {
			isa = PBXGroup;
			children = (
				1AAE109129CDC0F7004E84C1 /* MistLocationManager.swift */,
			);
			path = ViewModel;
			sourceTree = "<group>";
		};
		1ABF280D29D6D85E00BFF114 /* Helpers */ = {
			isa = PBXGroup;
			children = (
				1ABF281829D7068500BFF114 /* Utility.swift */,
			);
			path = Helpers;
			sourceTree = "<group>";
		};
		950D6FD83AE29F167F9BC881 /* Pods */ = {
			isa = PBXGroup;
			children = (
				F1E8D13BDD60C14E6730BA3D /* Pods-MistSDKDRSampleApp.debug.xcconfig */,
				B893BEB759CD9946D492FC7A /* Pods-MistSDKDRSampleApp.release.xcconfig */,
			);
			path = Pods;
			sourceTree = "<group>";
		};
/* End PBXGroup section */

/* Begin PBXNativeTarget section */
		1AAE107329CD8807004E84C1 /* MistSDKDRSampleApp */ = {
			isa = PBXNativeTarget;
			buildConfigurationList = 1AAE108229CD8808004E84C1 /* Build configuration list for PBXNativeTarget "MistSDKDRSampleApp" */;
			buildPhases = (
				F0F08204D98CE52DB800D165 /* [CP] Check Pods Manifest.lock */,
				1AAE107029CD8807004E84C1 /* Sources */,
				1AAE107129CD8807004E84C1 /* Frameworks */,
				1AAE107229CD8807004E84C1 /* Resources */,
				3CC8734EAE938B0623773A80 /* [CP] Embed Pods Frameworks */,
			);
			buildRules = (
			);
			dependencies = (
			);
			name = MistSDKDRSampleApp;
			packageProductDependencies = (
				1ABF281429D6F7C700BFF114 /* Kingfisher */,
			);
			productName = MistSDKDRSampleApp;
			productReference = 1AAE107429CD8807004E84C1 /* MistSDKDRSampleApp.app */;
			productType = "com.apple.product-type.application";
		};
/* End PBXNativeTarget section */

/* Begin PBXProject section */
		1AAE106C29CD8807004E84C1 /* Project object */ = {
			isa = PBXProject;
			attributes = {
				BuildIndependentTargetsInParallel = 1;
				LastSwiftUpdateCheck = 1420;
				LastUpgradeCheck = 1420;
				TargetAttributes = {
					1AAE107329CD8807004E84C1 = {
						CreatedOnToolsVersion = 14.2;
					};
				};
			};
			buildConfigurationList = 1AAE106F29CD8807004E84C1 /* Build configuration list for PBXProject "MistSDKDRSampleApp" */;
			compatibilityVersion = "Xcode 14.0";
			developmentRegion = en;
			hasScannedForEncodings = 0;
			knownRegions = (
				en,
				Base,
			);
			mainGroup = 1AAE106B29CD8807004E84C1;
			packageReferences = (
				1ABF281329D6F7C700BFF114 /* XCRemoteSwiftPackageReference "Kingfisher" */,
			);
			productRefGroup = 1AAE107529CD8807004E84C1 /* Products */;
			projectDirPath = "";
			projectRoot = "";
			targets = (
				1AAE107329CD8807004E84C1 /* MistSDKDRSampleApp */,
			);
		};
/* End PBXProject section */

/* Begin PBXResourcesBuildPhase section */
		1AAE107229CD8807004E84C1 /* Resources */ = {
			isa = PBXResourcesBuildPhase;
			buildActionMask = 2147483647;
			files = (
				1AAE107F29CD8808004E84C1 /* Preview Assets.xcassets in Resources */,
				1AAE107C29CD8808004E84C1 /* Assets.xcassets in Resources */,
			);
			runOnlyForDeploymentPostprocessing = 0;
		};
/* End PBXResourcesBuildPhase section */

/* Begin PBXShellScriptBuildPhase section */
		3CC8734EAE938B0623773A80 /* [CP] Embed Pods Frameworks */ = {
			isa = PBXShellScriptBuildPhase;
			buildActionMask = 2147483647;
			files = (
			);
			inputFileListPaths = (
				"${PODS_ROOT}/Target Support Files/Pods-MistSDKDRSampleApp/Pods-MistSDKDRSampleApp-frameworks-${CONFIGURATION}-input-files.xcfilelist",
			);
			name = "[CP] Embed Pods Frameworks";
			outputFileListPaths = (
				"${PODS_ROOT}/Target Support Files/Pods-MistSDKDRSampleApp/Pods-MistSDKDRSampleApp-frameworks-${CONFIGURATION}-output-files.xcfilelist",
			);
			runOnlyForDeploymentPostprocessing = 0;
			shellPath = /bin/sh;
			shellScript = "\"${PODS_ROOT}/Target Support Files/Pods-MistSDKDRSampleApp/Pods-MistSDKDRSampleApp-frameworks.sh\"\n";
			showEnvVarsInLog = 0;
		};
		F0F08204D98CE52DB800D165 /* [CP] Check Pods Manifest.lock */ = {
			isa = PBXShellScriptBuildPhase;
			buildActionMask = 2147483647;
			files = (
			);
			inputFileListPaths = (
			);
			inputPaths = (
				"${PODS_PODFILE_DIR_PATH}/Podfile.lock",
				"${PODS_ROOT}/Manifest.lock",
			);
			name = "[CP] Check Pods Manifest.lock";
			outputFileListPaths = (
			);
			outputPaths = (
				"$(DERIVED_FILE_DIR)/Pods-MistSDKDRSampleApp-checkManifestLockResult.txt",
			);
			runOnlyForDeploymentPostprocessing = 0;
			shellPath = /bin/sh;
			shellScript = "diff \"${PODS_PODFILE_DIR_PATH}/Podfile.lock\" \"${PODS_ROOT}/Manifest.lock\" > /dev/null\nif [ $? != 0 ] ; then\n    # print error to STDERR\n    echo \"error: The sandbox is not in sync with the Podfile.lock. Run 'pod install' or update your CocoaPods installation.\" >&2\n    exit 1\nfi\n# This output is used by Xcode 'outputs' to avoid re-running this script phase.\necho \"SUCCESS\" > \"${SCRIPT_OUTPUT_FILE_0}\"\n";
			showEnvVarsInLog = 0;
		};
/* End PBXShellScriptBuildPhase section */

/* Begin PBXSourcesBuildPhase section */
		1AAE107029CD8807004E84C1 /* Sources */ = {
			isa = PBXSourcesBuildPhase;
			buildActionMask = 2147483647;
			files = (
				1ACE6F5629D1538600BC7369 /* MistConstants.swift in Sources */,
				1ABF281729D705F700BFF114 /* BeaconRelativePosition.swift in Sources */,
				1AAE107A29CD8807004E84C1 /* MisBeaconInformationView.swift in Sources */,
				1ABF281929D7068500BFF114 /* Utility.swift in Sources */,
				1AAE109229CDC0F7004E84C1 /* MistLocationManager.swift in Sources */,
				1AAE107829CD8807004E84C1 /* MistSDKDRSampleAppApp.swift in Sources */,
			);
			runOnlyForDeploymentPostprocessing = 0;
		};
/* End PBXSourcesBuildPhase section */

/* Begin XCBuildConfiguration section */
		1AAE108029CD8808004E84C1 /* Debug */ = {
			isa = XCBuildConfiguration;
			buildSettings = {
				ALWAYS_SEARCH_USER_PATHS = NO;
				CLANG_ANALYZER_NONNULL = YES;
				CLANG_ANALYZER_NUMBER_OBJECT_CONVERSION = YES_AGGRESSIVE;
				CLANG_CXX_LANGUAGE_STANDARD = "gnu++20";
				CLANG_ENABLE_MODULES = YES;
				CLANG_ENABLE_OBJC_ARC = YES;
				CLANG_ENABLE_OBJC_WEAK = YES;
				CLANG_WARN_BLOCK_CAPTURE_AUTORELEASING = YES;
				CLANG_WARN_BOOL_CONVERSION = YES;
				CLANG_WARN_COMMA = YES;
				CLANG_WARN_CONSTANT_CONVERSION = YES;
				CLANG_WARN_DEPRECATED_OBJC_IMPLEMENTATIONS = YES;
				CLANG_WARN_DIRECT_OBJC_ISA_USAGE = YES_ERROR;
				CLANG_WARN_DOCUMENTATION_COMMENTS = YES;
				CLANG_WARN_EMPTY_BODY = YES;
				CLANG_WARN_ENUM_CONVERSION = YES;
				CLANG_WARN_INFINITE_RECURSION = YES;
				CLANG_WARN_INT_CONVERSION = YES;
				CLANG_WARN_NON_LITERAL_NULL_CONVERSION = YES;
				CLANG_WARN_OBJC_IMPLICIT_RETAIN_SELF = YES;
				CLANG_WARN_OBJC_LITERAL_CONVERSION = YES;
				CLANG_WARN_OBJC_ROOT_CLASS = YES_ERROR;
				CLANG_WARN_QUOTED_INCLUDE_IN_FRAMEWORK_HEADER = YES;
				CLANG_WARN_RANGE_LOOP_ANALYSIS = YES;
				CLANG_WARN_STRICT_PROTOTYPES = YES;
				CLANG_WARN_SUSPICIOUS_MOVE = YES;
				CLANG_WARN_UNGUARDED_AVAILABILITY = YES_AGGRESSIVE;
				CLANG_WARN_UNREACHABLE_CODE = YES;
				CLANG_WARN__DUPLICATE_METHOD_MATCH = YES;
				COPY_PHASE_STRIP = NO;
				DEBUG_INFORMATION_FORMAT = dwarf;
				ENABLE_STRICT_OBJC_MSGSEND = YES;
				ENABLE_TESTABILITY = YES;
				GCC_C_LANGUAGE_STANDARD = gnu11;
				GCC_DYNAMIC_NO_PIC = NO;
				GCC_NO_COMMON_BLOCKS = YES;
				GCC_OPTIMIZATION_LEVEL = 0;
				GCC_PREPROCESSOR_DEFINITIONS = (
					"DEBUG=1",
					"$(inherited)",
				);
				GCC_WARN_64_TO_32_BIT_CONVERSION = YES;
				GCC_WARN_ABOUT_RETURN_TYPE = YES_ERROR;
				GCC_WARN_UNDECLARED_SELECTOR = YES;
				GCC_WARN_UNINITIALIZED_AUTOS = YES_AGGRESSIVE;
				GCC_WARN_UNUSED_FUNCTION = YES;
				GCC_WARN_UNUSED_VARIABLE = YES;
				IPHONEOS_DEPLOYMENT_TARGET = 16.2;
				MTL_ENABLE_DEBUG_INFO = INCLUDE_SOURCE;
				MTL_FAST_MATH = YES;
				ONLY_ACTIVE_ARCH = YES;
				SDKROOT = iphoneos;
				SWIFT_ACTIVE_COMPILATION_CONDITIONS = DEBUG;
				SWIFT_OPTIMIZATION_LEVEL = "-Onone";
			};
			name = Debug;
		};
		1AAE108129CD8808004E84C1 /* Release */ = {
			isa = XCBuildConfiguration;
			buildSettings = {
				ALWAYS_SEARCH_USER_PATHS = NO;
				CLANG_ANALYZER_NONNULL = YES;
				CLANG_ANALYZER_NUMBER_OBJECT_CONVERSION = YES_AGGRESSIVE;
				CLANG_CXX_LANGUAGE_STANDARD = "gnu++20";
				CLANG_ENABLE_MODULES = YES;
				CLANG_ENABLE_OBJC_ARC = YES;
				CLANG_ENABLE_OBJC_WEAK = YES;
				CLANG_WARN_BLOCK_CAPTURE_AUTORELEASING = YES;
				CLANG_WARN_BOOL_CONVERSION = YES;
				CLANG_WARN_COMMA = YES;
				CLANG_WARN_CONSTANT_CONVERSION = YES;
				CLANG_WARN_DEPRECATED_OBJC_IMPLEMENTATIONS = YES;
				CLANG_WARN_DIRECT_OBJC_ISA_USAGE = YES_ERROR;
				CLANG_WARN_DOCUMENTATION_COMMENTS = YES;
				CLANG_WARN_EMPTY_BODY = YES;
				CLANG_WARN_ENUM_CONVERSION = YES;
				CLANG_WARN_INFINITE_RECURSION = YES;
				CLANG_WARN_INT_CONVERSION = YES;
				CLANG_WARN_NON_LITERAL_NULL_CONVERSION = YES;
				CLANG_WARN_OBJC_IMPLICIT_RETAIN_SELF = YES;
				CLANG_WARN_OBJC_LITERAL_CONVERSION = YES;
				CLANG_WARN_OBJC_ROOT_CLASS = YES_ERROR;
				CLANG_WARN_QUOTED_INCLUDE_IN_FRAMEWORK_HEADER = YES;
				CLANG_WARN_RANGE_LOOP_ANALYSIS = YES;
				CLANG_WARN_STRICT_PROTOTYPES = YES;
				CLANG_WARN_SUSPICIOUS_MOVE = YES;
				CLANG_WARN_UNGUARDED_AVAILABILITY = YES_AGGRESSIVE;
				CLANG_WARN_UNREACHABLE_CODE = YES;
				CLANG_WARN__DUPLICATE_METHOD_MATCH = YES;
				COPY_PHASE_STRIP = NO;
				DEBUG_INFORMATION_FORMAT = "dwarf-with-dsym";
				ENABLE_NS_ASSERTIONS = NO;
				ENABLE_STRICT_OBJC_MSGSEND = YES;
				GCC_C_LANGUAGE_STANDARD = gnu11;
				GCC_NO_COMMON_BLOCKS = YES;
				GCC_WARN_64_TO_32_BIT_CONVERSION = YES;
				GCC_WARN_ABOUT_RETURN_TYPE = YES_ERROR;
				GCC_WARN_UNDECLARED_SELECTOR = YES;
				GCC_WARN_UNINITIALIZED_AUTOS = YES_AGGRESSIVE;
				GCC_WARN_UNUSED_FUNCTION = YES;
				GCC_WARN_UNUSED_VARIABLE = YES;
				IPHONEOS_DEPLOYMENT_TARGET = 16.2;
				MTL_ENABLE_DEBUG_INFO = NO;
				MTL_FAST_MATH = YES;
				SDKROOT = iphoneos;
				SWIFT_COMPILATION_MODE = wholemodule;
				SWIFT_OPTIMIZATION_LEVEL = "-O";
				VALIDATE_PRODUCT = YES;
			};
			name = Release;
		};
		1AAE108329CD8808004E84C1 /* Debug */ = {
			isa = XCBuildConfiguration;
			baseConfigurationReference = F1E8D13BDD60C14E6730BA3D /* Pods-MistSDKDRSampleApp.debug.xcconfig */;
			buildSettings = {
				ASSETCATALOG_COMPILER_APPICON_NAME = AppIcon;
				ASSETCATALOG_COMPILER_GLOBAL_ACCENT_COLOR_NAME = AccentColor;
				CODE_SIGN_IDENTITY = "Apple Development";
				CODE_SIGN_STYLE = Automatic;
				CURRENT_PROJECT_VERSION = 1;
				DEVELOPMENT_ASSET_PATHS = "\"MistSDKDRSampleApp/Preview Content\"";
				DEVELOPMENT_TEAM = X8VHD2K5NF;
				ENABLE_PREVIEWS = YES;
				GENERATE_INFOPLIST_FILE = YES;
				INFOPLIST_KEY_CFBundleDisplayName = IndoorBlueDotExperience;
				INFOPLIST_KEY_NSBluetoothAlwaysUsageDescription = "we want to scan in bluetooth";
				INFOPLIST_KEY_NSCameraUsageDescription = "We want to scan the QR";
				INFOPLIST_KEY_UIApplicationSceneManifest_Generation = YES;
				INFOPLIST_KEY_UIApplicationSupportsIndirectInputEvents = YES;
				INFOPLIST_KEY_UILaunchScreen_Generation = YES;
				INFOPLIST_KEY_UIStatusBarStyle = "";
				INFOPLIST_KEY_UISupportedInterfaceOrientations = "UIInterfaceOrientationLandscapeLeft UIInterfaceOrientationPortrait";
				INFOPLIST_KEY_UISupportedInterfaceOrientations_iPad = "UIInterfaceOrientationLandscapeLeft UIInterfaceOrientationLandscapeRight UIInterfaceOrientationPortrait UIInterfaceOrientationPortraitUpsideDown";
				IPHONEOS_DEPLOYMENT_TARGET = 14.0;
				LD_RUNPATH_SEARCH_PATHS = (
					"$(inherited)",
					"@executable_path/Frameworks",
				);
				MARKETING_VERSION = 1.0;
				PRODUCT_BUNDLE_IDENTIFIER = com.waioz.Dev;
				PRODUCT_NAME = "$(TARGET_NAME)";
				PROVISIONING_PROFILE_SPECIFIER = "";
				SUPPORTED_PLATFORMS = "iphoneos iphonesimulator";
				SUPPORTS_MACCATALYST = NO;
				SUPPORTS_MAC_DESIGNED_FOR_IPHONE_IPAD = NO;
				SWIFT_EMIT_LOC_STRINGS = YES;
				SWIFT_VERSION = 5.0;
				TARGETED_DEVICE_FAMILY = "1,2";
			};
			name = Debug;
		};
		1AAE108429CD8808004E84C1 /* Release */ = {
			isa = XCBuildConfiguration;
			baseConfigurationReference = B893BEB759CD9946D492FC7A /* Pods-MistSDKDRSampleApp.release.xcconfig */;
			buildSettings = {
				ASSETCATALOG_COMPILER_APPICON_NAME = AppIcon;
				ASSETCATALOG_COMPILER_GLOBAL_ACCENT_COLOR_NAME = AccentColor;
				CODE_SIGN_IDENTITY = "Apple Development";
				CODE_SIGN_STYLE = Automatic;
				CURRENT_PROJECT_VERSION = 1;
				DEVELOPMENT_ASSET_PATHS = "\"MistSDKDRSampleApp/Preview Content\"";
				DEVELOPMENT_TEAM = X8VHD2K5NF;
				ENABLE_PREVIEWS = YES;
				GENERATE_INFOPLIST_FILE = YES;
				INFOPLIST_KEY_CFBundleDisplayName = IndoorBlueDotExperience;
				INFOPLIST_KEY_NSBluetoothAlwaysUsageDescription = "we want to scan in bluetooth";
				INFOPLIST_KEY_NSCameraUsageDescription = "We want to scan the QR";
				INFOPLIST_KEY_UIApplicationSceneManifest_Generation = YES;
				INFOPLIST_KEY_UIApplicationSupportsIndirectInputEvents = YES;
				INFOPLIST_KEY_UILaunchScreen_Generation = YES;
				INFOPLIST_KEY_UIStatusBarStyle = "";
				INFOPLIST_KEY_UISupportedInterfaceOrientations = "UIInterfaceOrientationLandscapeLeft UIInterfaceOrientationPortrait";
				INFOPLIST_KEY_UISupportedInterfaceOrientations_iPad = "UIInterfaceOrientationLandscapeLeft UIInterfaceOrientationLandscapeRight UIInterfaceOrientationPortrait UIInterfaceOrientationPortraitUpsideDown";
				IPHONEOS_DEPLOYMENT_TARGET = 14.0;
				LD_RUNPATH_SEARCH_PATHS = (
					"$(inherited)",
					"@executable_path/Frameworks",
				);
				MARKETING_VERSION = 1.0;
				PRODUCT_BUNDLE_IDENTIFIER = com.waioz.Dev;
				PRODUCT_NAME = "$(TARGET_NAME)";
				PROVISIONING_PROFILE_SPECIFIER = "";
				SUPPORTED_PLATFORMS = "iphoneos iphonesimulator";
				SUPPORTS_MACCATALYST = NO;
				SUPPORTS_MAC_DESIGNED_FOR_IPHONE_IPAD = NO;
				SWIFT_EMIT_LOC_STRINGS = YES;
				SWIFT_VERSION = 5.0;
				TARGETED_DEVICE_FAMILY = "1,2";
			};
			name = Release;
		};
/* End XCBuildConfiguration section */

/* Begin XCConfigurationList section */
		1AAE106F29CD8807004E84C1 /* Build configuration list for PBXProject "MistSDKDRSampleApp" */ = {
			isa = XCConfigurationList;
			buildConfigurations = (
				1AAE108029CD8808004E84C1 /* Debug */,
				1AAE108129CD8808004E84C1 /* Release */,
			);
			defaultConfigurationIsVisible = 0;
			defaultConfigurationName = Release;
		};
		1AAE108229CD8808004E84C1 /* Build configuration list for PBXNativeTarget "MistSDKDRSampleApp" */ = {
			isa = XCConfigurationList;
			buildConfigurations = (
				1AAE108329CD8808004E84C1 /* Debug */,
				1AAE108429CD8808004E84C1 /* Release */,
			);
			defaultConfigurationIsVisible = 0;
			defaultConfigurationName = Release;
		};
/* End XCConfigurationList section */

/* Begin XCRemoteSwiftPackageReference section */
		1ABF281329D6F7C700BFF114 /* XCRemoteSwiftPackageReference "Kingfisher" */ = {
			isa = XCRemoteSwiftPackageReference;
			repositoryURL = "https://github.com/onevcat/Kingfisher.git";
			requirement = {
				kind = upToNextMajorVersion;
				minimumVersion = 7.0.0;
			};
		};
/* End XCRemoteSwiftPackageReference section */

/* Begin XCSwiftPackageProductDependency section */
		1ABF281429D6F7C700BFF114 /* Kingfisher */ = {
			isa = XCSwiftPackageProductDependency;
			package = 1ABF281329D6F7C700BFF114 /* XCRemoteSwiftPackageReference "Kingfisher" */;
			productName = Kingfisher;
		};
/* End XCSwiftPackageProductDependency section */
	};
	rootObject = 1AAE106C29CD8807004E84C1 /* Project object */;
}
